// !$*UTF8*$!
{
	archiveVersion = 1;
	classes = {
	};
	objectVersion = 46;
	objects = {

/* Begin PBXBuildFile section */
		09246AF01BD400040027D034 /* libboost_regex.dylib in Frameworks */ = {isa = PBXBuildFile; fileRef = 09246AEF1BD400040027D034 /* libboost_regex.dylib */; settings = {ASSET_TAGS = (); }; };
		09E3629E1BD2AE81004DDA1C /* main.cpp in Sources */ = {isa = PBXBuildFile; fileRef = 09E3629D1BD2AE81004DDA1C /* main.cpp */; };
		09E362A61BD2AF4D004DDA1C /* Reader.cpp in Sources */ = {isa = PBXBuildFile; fileRef = 09E362A41BD2AF4D004DDA1C /* Reader.cpp */; settings = {ASSET_TAGS = (); }; };
		09E362A91BD2C19A004DDA1C /* Word.cpp in Sources */ = {isa = PBXBuildFile; fileRef = 09E362A71BD2C19A004DDA1C /* Word.cpp */; settings = {ASSET_TAGS = (); }; };
		09F7E0321BD6B3F900813AE6 /* Porter.cpp in Sources */ = {isa = PBXBuildFile; fileRef = 09F7E0301BD6B3F900813AE6 /* Porter.cpp */; settings = {ASSET_TAGS = (); }; };
/* End PBXBuildFile section */

/* Begin PBXCopyFilesBuildPhase section */
		09E362981BD2AE80004DDA1C /* CopyFiles */ = {
			isa = PBXCopyFilesBuildPhase;
			buildActionMask = 2147483647;
			dstPath = /usr/share/man/man1/;
			dstSubfolderSpec = 0;
			files = (
			);
			runOnlyForDeploymentPostprocessing = 1;
		};
/* End PBXCopyFilesBuildPhase section */

/* Begin PBXFileReference section */
		09246AEF1BD400040027D034 /* libboost_regex.dylib */ = {isa = PBXFileReference; lastKnownFileType = "compiled.mach-o.dylib"; path = libboost_regex.dylib; sourceTree = "<group>"; };
		09E3629A1BD2AE81004DDA1C /* CheckWords */ = {isa = PBXFileReference; explicitFileType = "compiled.mach-o.executable"; includeInIndex = 0; path = CheckWords; sourceTree = BUILT_PRODUCTS_DIR; };
		09E3629D1BD2AE81004DDA1C /* main.cpp */ = {isa = PBXFileReference; lastKnownFileType = sourcecode.cpp.cpp; path = main.cpp; sourceTree = "<group>"; };
		09E362A41BD2AF4D004DDA1C /* Reader.cpp */ = {isa = PBXFileReference; fileEncoding = 4; lastKnownFileType = sourcecode.cpp.cpp; path = Reader.cpp; sourceTree = "<group>"; };
		09E362A51BD2AF4D004DDA1C /* Reader.hpp */ = {isa = PBXFileReference; fileEncoding = 4; lastKnownFileType = sourcecode.cpp.h; path = Reader.hpp; sourceTree = "<group>"; };
		09E362A71BD2C19A004DDA1C /* Word.cpp */ = {isa = PBXFileReference; fileEncoding = 4; lastKnownFileType = sourcecode.cpp.cpp; path = Word.cpp; sourceTree = "<group>"; };
		09E362A81BD2C19A004DDA1C /* Word.hpp */ = {isa = PBXFileReference; fileEncoding = 4; lastKnownFileType = sourcecode.cpp.h; path = Word.hpp; sourceTree = "<group>"; };
		09F7E0301BD6B3F900813AE6 /* Porter.cpp */ = {isa = PBXFileReference; fileEncoding = 4; lastKnownFileType = sourcecode.cpp.cpp; path = Porter.cpp; sourceTree = "<group>"; };
		09F7E0311BD6B3F900813AE6 /* Porter.hpp */ = {isa = PBXFileReference; fileEncoding = 4; lastKnownFileType = sourcecode.cpp.h; path = Porter.hpp; sourceTree = "<group>"; };
/* End PBXFileReference section */

/* Begin PBXFrameworksBuildPhase section */
		09E362971BD2AE80004DDA1C /* Frameworks */ = {
			isa = PBXFrameworksBuildPhase;
			buildActionMask = 2147483647;
			files = (
				09246AF01BD400040027D034 /* libboost_regex.dylib in Frameworks */,
			);
			runOnlyForDeploymentPostprocessing = 0;
		};
/* End PBXFrameworksBuildPhase section */

/* Begin PBXGroup section */
		09E362911BD2AE80004DDA1C = {
			isa = PBXGroup;
			children = (
				09246AEF1BD400040027D034 /* libboost_regex.dylib */,
				09E3629C1BD2AE81004DDA1C /* CheckWords */,
				09E3629B1BD2AE81004DDA1C /* Products */,
			);
			sourceTree = "<group>";
		};
		09E3629B1BD2AE81004DDA1C /* Products */ = {
			isa = PBXGroup;
			children = (
				09E3629A1BD2AE81004DDA1C /* CheckWords */,
			);
			name = Products;
			sourceTree = "<group>";
		};
		09E3629C1BD2AE81004DDA1C /* CheckWords */ = {
			isa = PBXGroup;
			children = (
				09E3629D1BD2AE81004DDA1C /* main.cpp */,
				09E362A71BD2C19A004DDA1C /* Word.cpp */,
				09E362A81BD2C19A004DDA1C /* Word.hpp */,
				09E362A41BD2AF4D004DDA1C /* Reader.cpp */,
				09E362A51BD2AF4D004DDA1C /* Reader.hpp */,
				09F7E0301BD6B3F900813AE6 /* Porter.cpp */,
				09F7E0311BD6B3F900813AE6 /* Porter.hpp */,
			);
			path = CheckWords;
			sourceTree = "<group>";
		};
/* End PBXGroup section */

/* Begin PBXNativeTarget section */
		09E362991BD2AE80004DDA1C /* CheckWords */ = {
			isa = PBXNativeTarget;
			buildConfigurationList = 09E362A11BD2AE81004DDA1C /* Build configuration list for PBXNativeTarget "CheckWords" */;
			buildPhases = (
				09E362961BD2AE80004DDA1C /* Sources */,
				09E362971BD2AE80004DDA1C /* Frameworks */,
				09E362981BD2AE80004DDA1C /* CopyFiles */,
			);
			buildRules = (
			);
			dependencies = (
			);
			name = CheckWords;
			productName = CheckWords;
			productReference = 09E3629A1BD2AE81004DDA1C /* CheckWords */;
			productType = "com.apple.product-type.tool";
		};
/* End PBXNativeTarget section */

/* Begin PBXProject section */
		09E362921BD2AE80004DDA1C /* Project object */ = {
			isa = PBXProject;
			attributes = {
				LastUpgradeCheck = 0700;
				ORGANIZATIONNAME = "Ilya Kuzmichev";
				TargetAttributes = {
					09E362991BD2AE80004DDA1C = {
						CreatedOnToolsVersion = 7.0.1;
					};
				};
			};
			buildConfigurationList = 09E362951BD2AE80004DDA1C /* Build configuration list for PBXProject "CheckWords" */;
			compatibilityVersion = "Xcode 3.2";
			developmentRegion = English;
			hasScannedForEncodings = 0;
			knownRegions = (
				en,
			);
			mainGroup = 09E362911BD2AE80004DDA1C;
			productRefGroup = 09E3629B1BD2AE81004DDA1C /* Products */;
			projectDirPath = "";
			projectRoot = "";
			targets = (
				09E362991BD2AE80004DDA1C /* CheckWords */,
			);
		};
/* End PBXProject section */

/* Begin PBXSourcesBuildPhase section */
		09E362961BD2AE80004DDA1C /* Sources */ = {
			isa = PBXSourcesBuildPhase;
			buildActionMask = 2147483647;
			files = (
				09E362A91BD2C19A004DDA1C /* Word.cpp in Sources */,
				09E362A61BD2AF4D004DDA1C /* Reader.cpp in Sources */,
				09E3629E1BD2AE81004DDA1C /* main.cpp in Sources */,
				09F7E0321BD6B3F900813AE6 /* Porter.cpp in Sources */,
			);
			runOnlyForDeploymentPostprocessing = 0;
		};
/* End PBXSourcesBuildPhase section */

/* Begin XCBuildConfiguration section */
		09E3629F1BD2AE81004DDA1C /* Debug */ = {
			isa = XCBuildConfiguration;
			buildSettings = {
				ALWAYS_SEARCH_USER_PATHS = NO;
				CLANG_CXX_LANGUAGE_STANDARD = "gnu++0x";
				CLANG_CXX_LIBRARY = "libc++";
				CLANG_ENABLE_MODULES = YES;
				CLANG_ENABLE_OBJC_ARC = YES;
				CLANG_WARN_BOOL_CONVERSION = YES;
				CLANG_WARN_CONSTANT_CONVERSION = YES;
				CLANG_WARN_DIRECT_OBJC_ISA_USAGE = YES_ERROR;
				CLANG_WARN_EMPTY_BODY = YES;
				CLANG_WARN_ENUM_CONVERSION = YES;
				CLANG_WARN_INT_CONVERSION = YES;
				CLANG_WARN_OBJC_ROOT_CLASS = YES_ERROR;
				CLANG_WARN_UNREACHABLE_CODE = YES;
				CLANG_WARN__DUPLICATE_METHOD_MATCH = YES;
				COPY_PHASE_STRIP = NO;
				DEBUG_INFORMATION_FORMAT = dwarf;
				ENABLE_STRICT_OBJC_MSGSEND = YES;
				ENABLE_TESTABILITY = YES;
				GCC_C_LANGUAGE_STANDARD = gnu99;
				GCC_DYNAMIC_NO_PIC = NO;
				GCC_NO_COMMON_BLOCKS = YES;
				GCC_OPTIMIZATION_LEVEL = 0;
				GCC_PREPROCESSOR_DEFINITIONS = (
					"DEBUG=1",
					"$(inherited)",
				);
				GCC_WARN_64_TO_32_BIT_CONVERSION = YES;
				GCC_WARN_ABOUT_RETURN_TYPE = YES_ERROR;
				GCC_WARN_UNDECLARED_SELECTOR = YES;
				GCC_WARN_UNINITIALIZED_AUTOS = YES_AGGRESSIVE;
				GCC_WARN_UNUSED_FUNCTION = YES;
				GCC_WARN_UNUSED_VARIABLE = YES;
				MACOSX_DEPLOYMENT_TARGET = 10.10;
				MTL_ENABLE_DEBUG_INFO = YES;
				ONLY_ACTIVE_ARCH = YES;
				SDKROOT = macosx;
			};
			name = Debug;
		};
		09E362A01BD2AE81004DDA1C /* Release */ = {
			isa = XCBuildConfiguration;
			buildSettings = {
				ALWAYS_SEARCH_USER_PATHS = NO;
				CLANG_CXX_LANGUAGE_STANDARD = "gnu++0x";
				CLANG_CXX_LIBRARY = "libc++";
				CLANG_ENABLE_MODULES = YES;
				CLANG_ENABLE_OBJC_ARC = YES;
				CLANG_WARN_BOOL_CONVERSION = YES;
				CLANG_WARN_CONSTANT_CONVERSION = YES;
				CLANG_WARN_DIRECT_OBJC_ISA_USAGE = YES_ERROR;
				CLANG_WARN_EMPTY_BODY = YES;
				CLANG_WARN_ENUM_CONVERSION = YES;
				CLANG_WARN_INT_CONVERSION = YES;
				CLANG_WARN_OBJC_ROOT_CLASS = YES_ERROR;
				CLANG_WARN_UNREACHABLE_CODE = YES;
				CLANG_WARN__DUPLICATE_METHOD_MATCH = YES;
				COPY_PHASE_STRIP = NO;
				DEBUG_INFORMATION_FORMAT = "dwarf-with-dsym";
				ENABLE_NS_ASSERTIONS = NO;
				ENABLE_STRICT_OBJC_MSGSEND = YES;
				GCC_C_LANGUAGE_STANDARD = gnu99;
				GCC_NO_COMMON_BLOCKS = YES;
				GCC_WARN_64_TO_32_BIT_CONVERSION = YES;
				GCC_WARN_ABOUT_RETURN_TYPE = YES_ERROR;
				GCC_WARN_UNDECLARED_SELECTOR = YES;
				GCC_WARN_UNINITIALIZED_AUTOS = YES_AGGRESSIVE;
				GCC_WARN_UNUSED_FUNCTION = YES;
				GCC_WARN_UNUSED_VARIABLE = YES;
				MACOSX_DEPLOYMENT_TARGET = 10.10;
				MTL_ENABLE_DEBUG_INFO = NO;
				SDKROOT = macosx;
			};
			name = Release;
		};
		09E362A21BD2AE81004DDA1C /* Debug */ = {
			isa = XCBuildConfiguration;
			buildSettings = {
				"HEADER_SEARCH_PATHS[arch=*]" = /usr/local/Cellar/boost/1.58.0/include;
				LIBRARY_SEARCH_PATHS = (
					"$(inherited)",
					"$(PROJECT_DIR)",
				);
				"LIBRARY_SEARCH_PATHS[arch=*]" = /usr/local/Cellar/boost/1.58.0/lib;
				PRODUCT_NAME = "$(TARGET_NAME)";
			};
			name = Debug;
		};
		09E362A31BD2AE81004DDA1C /* Release */ = {
			isa = XCBuildConfiguration;
			buildSettings = {
				"HEADER_SEARCH_PATHS[arch=*]" = /usr/local/Cellar/boost/1.58.0/include;
				LIBRARY_SEARCH_PATHS = (
					"$(inherited)",
					"$(PROJECT_DIR)",
				);
				"LIBRARY_SEARCH_PATHS[arch=*]" = /usr/local/Cellar/boost/1.58.0/lib;
				PRODUCT_NAME = "$(TARGET_NAME)";
			};
			name = Release;
		};
/* End XCBuildConfiguration section */

/* Begin XCConfigurationList section */
		09E362951BD2AE80004DDA1C /* Build configuration list for PBXProject "CheckWords" */ = {
			isa = XCConfigurationList;
			buildConfigurations = (
				09E3629F1BD2AE81004DDA1C /* Debug */,
				09E362A01BD2AE81004DDA1C /* Release */,
			);
			defaultConfigurationIsVisible = 0;
			defaultConfigurationName = Release;
		};
		09E362A11BD2AE81004DDA1C /* Build configuration list for PBXNativeTarget "CheckWords" */ = {
			isa = XCConfigurationList;
			buildConfigurations = (
				09E362A21BD2AE81004DDA1C /* Debug */,
				09E362A31BD2AE81004DDA1C /* Release */,
			);
			defaultConfigurationIsVisible = 0;
			defaultConfigurationName = Release;
		};
/* End XCConfigurationList section */
	};
	rootObject = 09E362921BD2AE80004DDA1C /* Project object */;
}
